
Microsoft Visual Studio Solution File, Format Version 12.00
# Visual Studio Version 17
VisualStudioVersion = 17.5.33530.505
MinimumVisualStudioVersion = 10.0.40219.1
Project("{9A19103F-16F7-4668-BE54-9A1E7A4F7556}") = "QueRecomiendas.Server", "Server\QueRecomiendas.Server.csproj", "{AC904FC9-C4FA-4D92-93B5-775D25F36C24}"
EndProject
Project("{9A19103F-16F7-4668-BE54-9A1E7A4F7556}") = "QueRecomiendas.Client", "Client\QueRecomiendas.Client.csproj", "{74616FBE-9C09-4C91-B86F-4E065859AFE1}"
EndProject
Project("{9A19103F-16F7-4668-BE54-9A1E7A4F7556}") = "QueRecomiendas.Shared", "Shared\QueRecomiendas.Shared.csproj", "{ED2CAD9A-D7F3-46B2-92CC-CA37FBBF18E7}"
EndProject
Global
	GlobalSection(SolutionConfigurationPlatforms) = preSolution
		Debug|Any CPU = Debug|Any CPU
		Release|Any CPU = Release|Any CPU
	EndGlobalSection
	GlobalSection(ProjectConfigurationPlatforms) = postSolution
		{AC904FC9-C4FA-4D92-93B5-775D25F36C24}.Debug|Any CPU.ActiveCfg = Debug|Any CPU
		{AC904FC9-C4FA-4D92-93B5-775D25F36C24}.Debug|Any CPU.Build.0 = Debug|Any CPU
		{AC904FC9-C4FA-4D92-93B5-775D25F36C24}.Release|Any CPU.ActiveCfg = Release|Any CPU
		{AC904FC9-C4FA-4D92-93B5-775D25F36C24}.Release|Any CPU.Build.0 = Release|Any CPU
		{74616FBE-9C09-4C91-B86F-4E065859AFE1}.Debug|Any CPU.ActiveCfg = Debug|Any CPU
		{74616FBE-9C09-4C91-B86F-4E065859AFE1}.Debug|Any CPU.Build.0 = Debug|Any CPU
		{74616FBE-9C09-4C91-B86F-4E065859AFE1}.Release|Any CPU.ActiveCfg = Release|Any CPU
		{74616FBE-9C09-4C91-B86F-4E065859AFE1}.Release|Any CPU.Build.0 = Release|Any CPU
		{ED2CAD9A-D7F3-46B2-92CC-CA37FBBF18E7}.Debug|Any CPU.ActiveCfg = Debug|Any CPU
		{ED2CAD9A-D7F3-46B2-92CC-CA37FBBF18E7}.Debug|Any CPU.Build.0 = Debug|Any CPU
		{ED2CAD9A-D7F3-46B2-92CC-CA37FBBF18E7}.Release|Any CPU.ActiveCfg = Release|Any CPU
		{ED2CAD9A-D7F3-46B2-92CC-CA37FBBF18E7}.Release|Any CPU.Build.0 = Release|Any CPU
	EndGlobalSection
	GlobalSection(SolutionProperties) = preSolution
		HideSolutionNode = FALSE
	EndGlobalSection
	GlobalSection(ExtensibilityGlobals) = postSolution
		SolutionGuid = {E7EFDDAE-C5E8-4E7E-9D6D-32947FC4695A}
	EndGlobalSection
EndGlobal
